
Microsoft Visual Studio Solution File, Format Version 12.00
# Visual Studio Version 16
VisualStudioVersion = 16.0.32802.399
MinimumVisualStudioVersion = 10.0.40219.1
Project("{FAE04EC0-301F-11D3-BF4B-00C04F79EFBC}") = "Game_in_console", "Game_in_console.csproj", "{612B849E-68C2-4A21-A68B-A2E082CC24AF}"
EndProject
Global
	GlobalSection(SolutionConfigurationPlatforms) = preSolution
		Debug|Any CPU = Debug|Any CPU
		Release|Any CPU = Release|Any CPU
	EndGlobalSection
	GlobalSection(ProjectConfigurationPlatforms) = postSolution
		{612B849E-68C2-4A21-A68B-A2E082CC24AF}.Debug|Any CPU.ActiveCfg = Debug|Any CPU
		{612B849E-68C2-4A21-A68B-A2E082CC24AF}.Debug|Any CPU.Build.0 = Debug|Any CPU
		{612B849E-68C2-4A21-A68B-A2E082CC24AF}.Release|Any CPU.ActiveCfg = Release|Any CPU
		{612B849E-68C2-4A21-A68B-A2E082CC24AF}.Release|Any CPU.Build.0 = Release|Any CPU
	EndGlobalSection
	GlobalSection(SolutionProperties) = preSolution
		HideSolutionNode = FALSE
	EndGlobalSection
	GlobalSection(ExtensibilityGlobals) = postSolution
		SolutionGuid = {369DA9C4-94E4-43CA-BD06-4CB44A8C8E8D}
	EndGlobalSection
EndGlobal
